// !$*UTF8*$!
{
	archiveVersion = 1;
	classes = {
	};
	objectVersion = 50;
	objects = {

/* Begin PBXBuildFile section */
		0E6AA40324432098004CE2CA /* AppDelegate.swift in Sources */ = {isa = PBXBuildFile; fileRef = 0E6AA40224432098004CE2CA /* AppDelegate.swift */; };
		0E6AA40524432098004CE2CA /* SceneDelegate.swift in Sources */ = {isa = PBXBuildFile; fileRef = 0E6AA40424432098004CE2CA /* SceneDelegate.swift */; };
		0E6AA40724432098004CE2CA /* ContentView.swift in Sources */ = {isa = PBXBuildFile; fileRef = 0E6AA40624432098004CE2CA /* ContentView.swift */; };
		0E6AA4092443209A004CE2CA /* Assets.xcassets in Resources */ = {isa = PBXBuildFile; fileRef = 0E6AA4082443209A004CE2CA /* Assets.xcassets */; };
		0E6AA40C2443209A004CE2CA /* Preview Assets.xcassets in Resources */ = {isa = PBXBuildFile; fileRef = 0E6AA40B2443209A004CE2CA /* Preview Assets.xcassets */; };
		0E6AA40F2443209A004CE2CA /* LaunchScreen.storyboard in Resources */ = {isa = PBXBuildFile; fileRef = 0E6AA40D2443209A004CE2CA /* LaunchScreen.storyboard */; };
/* End PBXBuildFile section */

/* Begin PBXFileReference section */
		0E6AA3FF24432098004CE2CA /* LongPressAnimation.app */ = {isa = PBXFileReference; explicitFileType = wrapper.application; includeInIndex = 0; path = LongPressAnimation.app; sourceTree = BUILT_PRODUCTS_DIR; };
		0E6AA40224432098004CE2CA /* AppDelegate.swift */ = {isa = PBXFileReference; lastKnownFileType = sourcecode.swift; path = AppDelegate.swift; sourceTree = "<group>"; };
		0E6AA40424432098004CE2CA /* SceneDelegate.swift */ = {isa = PBXFileReference; lastKnownFileType = sourcecode.swift; path = SceneDelegate.swift; sourceTree = "<group>"; };
		0E6AA40624432098004CE2CA /* ContentView.swift */ = {isa = PBXFileReference; lastKnownFileType = sourcecode.swift; path = ContentView.swift; sourceTree = "<group>"; };
		0E6AA4082443209A004CE2CA /* Assets.xcassets */ = {isa = PBXFileReference; lastKnownFileType = folder.assetcatalog; path = Assets.xcassets; sourceTree = "<group>"; };
		0E6AA40B2443209A004CE2CA /* Preview Assets.xcassets */ = {isa = PBXFileReference; lastKnownFileType = folder.assetcatalog; path = "Preview Assets.xcassets"; sourceTree = "<group>"; };
		0E6AA40E2443209A004CE2CA /* Base */ = {isa = PBXFileReference; lastKnownFileType = file.storyboard; name = Base; path = Base.lproj/LaunchScreen.storyboard; sourceTree = "<group>"; };
		0E6AA4102443209A004CE2CA /* Info.plist */ = {isa = PBXFileReference; lastKnownFileType = text.plist.xml; path = Info.plist; sourceTree = "<group>"; };
/* End PBXFileReference section */

/* Begin PBXFrameworksBuildPhase section */
		0E6AA3FC24432098004CE2CA /* Frameworks */ = {
			isa = PBXFrameworksBuildPhase;
			buildActionMask = 2147483647;
			files = (
			);
			runOnlyForDeploymentPostprocessing = 0;
		};
/* End PBXFrameworksBuildPhase section */

/* Begin PBXGroup section */
		0E6AA3F624432097004CE2CA = {
			isa = PBXGroup;
			children = (
				0E6AA40124432098004CE2CA /* LongPressAnimation */,
				0E6AA40024432098004CE2CA /* Products */,
			);
			sourceTree = "<group>";
		};
		0E6AA40024432098004CE2CA /* Products */ = {
			isa = PBXGroup;
			children = (
				0E6AA3FF24432098004CE2CA /* LongPressAnimation.app */,
			);
			name = Products;
			sourceTree = "<group>";
		};
		0E6AA40124432098004CE2CA /* LongPressAnimation */ = {
			isa = PBXGroup;
			children = (
				0E6AA40224432098004CE2CA /* AppDelegate.swift */,
				0E6AA40424432098004CE2CA /* SceneDelegate.swift */,
				0E6AA40624432098004CE2CA /* ContentView.swift */,
				0E6AA4082443209A004CE2CA /* Assets.xcassets */,
				0E6AA40D2443209A004CE2CA /* LaunchScreen.storyboard */,
				0E6AA4102443209A004CE2CA /* Info.plist */,
				0E6AA40A2443209A004CE2CA /* Preview Content */,
			);
			path = LongPressAnimation;
			sourceTree = "<group>";
		};
		0E6AA40A2443209A004CE2CA /* Preview Content */ = {
			isa = PBXGroup;
			children = (
				0E6AA40B2443209A004CE2CA /* Preview Assets.xcassets */,
			);
			path = "Preview Content";
			sourceTree = "<group>";
		};
/* End PBXGroup section */

/* Begin PBXNativeTarget section */
		0E6AA3FE24432098004CE2CA /* LongPressAnimation */ = {
			isa = PBXNativeTarget;
			buildConfigurationList = 0E6AA4132443209A004CE2CA /* Build configuration list for PBXNativeTarget "LongPressAnimation" */;
			buildPhases = (
				0E6AA3FB24432098004CE2CA /* Sources */,
				0E6AA3FC24432098004CE2CA /* Frameworks */,
				0E6AA3FD24432098004CE2CA /* Resources */,
			);
			buildRules = (
			);
			dependencies = (
			);
			name = LongPressAnimation;
			productName = LongPressAnimation;
			productReference = 0E6AA3FF24432098004CE2CA /* LongPressAnimation.app */;
			productType = "com.apple.product-type.application";
		};
/* End PBXNativeTarget section */

/* Begin PBXProject section */
		0E6AA3F724432097004CE2CA /* Project object */ = {
			isa = PBXProject;
			attributes = {
				LastSwiftUpdateCheck = 1140;
				LastUpgradeCheck = 1140;
				ORGANIZATIONNAME = "RAGHAV SHARMA";
				TargetAttributes = {
					0E6AA3FE24432098004CE2CA = {
						CreatedOnToolsVersion = 11.4;
					};
				};
			};
			buildConfigurationList = 0E6AA3FA24432097004CE2CA /* Build configuration list for PBXProject "LongPressAnimation" */;
			compatibilityVersion = "Xcode 9.3";
			developmentRegion = en;
			hasScannedForEncodings = 0;
			knownRegions = (
				en,
				Base,
			);
			mainGroup = 0E6AA3F624432097004CE2CA;
			productRefGroup = 0E6AA40024432098004CE2CA /* Products */;
			projectDirPath = "";
			projectRoot = "";
			targets = (
				0E6AA3FE24432098004CE2CA /* LongPressAnimation */,
			);
		};
/* End PBXProject section */

/* Begin PBXResourcesBuildPhase section */
		0E6AA3FD24432098004CE2CA /* Resources */ = {
			isa = PBXResourcesBuildPhase;
			buildActionMask = 2147483647;
			files = (
				0E6AA40F2443209A004CE2CA /* LaunchScreen.storyboard in Resources */,
				0E6AA40C2443209A004CE2CA /* Preview Assets.xcassets in Resources */,
				0E6AA4092443209A004CE2CA /* Assets.xcassets in Resources */,
			);
			runOnlyForDeploymentPostprocessing = 0;
		};
/* End PBXResourcesBuildPhase section */

/* Begin PBXSourcesBuildPhase section */
		0E6AA3FB24432098004CE2CA /* Sources */ = {
			isa = PBXSourcesBuildPhase;
			buildActionMask = 2147483647;
			files = (
				0E6AA40324432098004CE2CA /* AppDelegate.swift in Sources */,
				0E6AA40524432098004CE2CA /* SceneDelegate.swift in Sources */,
				0E6AA40724432098004CE2CA /* ContentView.swift in Sources */,
			);
			runOnlyForDeploymentPostprocessing = 0;
		};
/* End PBXSourcesBuildPhase section */

/* Begin PBXVariantGroup section */
		0E6AA40D2443209A004CE2CA /* LaunchScreen.storyboard */ = {
			isa = PBXVariantGroup;
			children = (
				0E6AA40E2443209A004CE2CA /* Base */,
			);
			name = LaunchScreen.storyboard;
			sourceTree = "<group>";
		};
/* End PBXVariantGroup section */

/* Begin XCBuildConfiguration section */
		0E6AA4112443209A004CE2CA /* Debug */ = {
			isa = XCBuildConfiguration;
			buildSettings = {
				ALWAYS_SEARCH_USER_PATHS = NO;
				CLANG_ANALYZER_NONNULL = YES;
				CLANG_ANALYZER_NUMBER_OBJECT_CONVERSION = YES_AGGRESSIVE;
				CLANG_CXX_LANGUAGE_STANDARD = "gnu++14";
				CLANG_CXX_LIBRARY = "libc++";
				CLANG_ENABLE_MODULES = YES;
				CLANG_ENABLE_OBJC_ARC = YES;
				CLANG_ENABLE_OBJC_WEAK = YES;
				CLANG_WARN_BLOCK_CAPTURE_AUTORELEASING = YES;
				CLANG_WARN_BOOL_CONVERSION = YES;
				CLANG_WARN_COMMA = YES;
				CLANG_WARN_CONSTANT_CONVERSION = YES;
				CLANG_WARN_DEPRECATED_OBJC_IMPLEMENTATIONS = YES;
				CLANG_WARN_DIRECT_OBJC_ISA_USAGE = YES_ERROR;
				CLANG_WARN_DOCUMENTATION_COMMENTS = YES;
				CLANG_WARN_EMPTY_BODY = YES;
				CLANG_WARN_ENUM_CONVERSION = YES;
				CLANG_WARN_INFINITE_RECURSION = YES;
				CLANG_WARN_INT_CONVERSION = YES;
				CLANG_WARN_NON_LITERAL_NULL_CONVERSION = YES;
				CLANG_WARN_OBJC_IMPLICIT_RETAIN_SELF = YES;
				CLANG_WARN_OBJC_LITERAL_CONVERSION = YES;
				CLANG_WARN_OBJC_ROOT_CLASS = YES_ERROR;
				CLANG_WARN_RANGE_LOOP_ANALYSIS = YES;
				CLANG_WARN_STRICT_PROTOTYPES = YES;
				CLANG_WARN_SUSPICIOUS_MOVE = YES;
				CLANG_WARN_UNGUARDED_AVAILABILITY = YES_AGGRESSIVE;
				CLANG_WARN_UNREACHABLE_CODE = YES;
				CLANG_WARN__DUPLICATE_METHOD_MATCH = YES;
				COPY_PHASE_STRIP = NO;
				DEBUG_INFORMATION_FORMAT = dwarf;
				ENABLE_STRICT_OBJC_MSGSEND = YES;
				ENABLE_TESTABILITY = YES;
				GCC_C_LANGUAGE_STANDARD = gnu11;
				GCC_DYNAMIC_NO_PIC = NO;
				GCC_NO_COMMON_BLOCKS = YES;
				GCC_OPTIMIZATION_LEVEL = 0;
				GCC_PREPROCESSOR_DEFINITIONS = (
					"DEBUG=1",
					"$(inherited)",
				);
				GCC_WARN_64_TO_32_BIT_CONVERSION = YES;
				GCC_WARN_ABOUT_RETURN_TYPE = YES_ERROR;
				GCC_WARN_UNDECLARED_SELECTOR = YES;
				GCC_WARN_UNINITIALIZED_AUTOS = YES_AGGRESSIVE;
				GCC_WARN_UNUSED_FUNCTION = YES;
				GCC_WARN_UNUSED_VARIABLE = YES;
				IPHONEOS_DEPLOYMENT_TARGET = 13.4;
				MTL_ENABLE_DEBUG_INFO = INCLUDE_SOURCE;
				MTL_FAST_MATH = YES;
				ONLY_ACTIVE_ARCH = YES;
				SDKROOT = iphoneos;
				SWIFT_ACTIVE_COMPILATION_CONDITIONS = DEBUG;
				SWIFT_OPTIMIZATION_LEVEL = "-Onone";
			};
			name = Debug;
		};
		0E6AA4122443209A004CE2CA /* Release */ = {
			isa = XCBuildConfiguration;
			buildSettings = {
				ALWAYS_SEARCH_USER_PATHS = NO;
				CLANG_ANALYZER_NONNULL = YES;
				CLANG_ANALYZER_NUMBER_OBJECT_CONVERSION = YES_AGGRESSIVE;
				CLANG_CXX_LANGUAGE_STANDARD = "gnu++14";
				CLANG_CXX_LIBRARY = "libc++";
				CLANG_ENABLE_MODULES = YES;
				CLANG_ENABLE_OBJC_ARC = YES;
				CLANG_ENABLE_OBJC_WEAK = YES;
				CLANG_WARN_BLOCK_CAPTURE_AUTORELEASING = YES;
				CLANG_WARN_BOOL_CONVERSION = YES;
				CLANG_WARN_COMMA = YES;
				CLANG_WARN_CONSTANT_CONVERSION = YES;
				CLANG_WARN_DEPRECATED_OBJC_IMPLEMENTATIONS = YES;
				CLANG_WARN_DIRECT_OBJC_ISA_USAGE = YES_ERROR;
				CLANG_WARN_DOCUMENTATION_COMMENTS = YES;
				CLANG_WARN_EMPTY_BODY = YES;
				CLANG_WARN_ENUM_CONVERSION = YES;
				CLANG_WARN_INFINITE_RECURSION = YES;
				CLANG_WARN_INT_CONVERSION = YES;
				CLANG_WARN_NON_LITERAL_NULL_CONVERSION = YES;
				CLANG_WARN_OBJC_IMPLICIT_RETAIN_SELF = YES;
				CLANG_WARN_OBJC_LITERAL_CONVERSION = YES;
				CLANG_WARN_OBJC_ROOT_CLASS = YES_ERROR;
				CLANG_WARN_RANGE_LOOP_ANALYSIS = YES;
				CLANG_WARN_STRICT_PROTOTYPES = YES;
				CLANG_WARN_SUSPICIOUS_MOVE = YES;
				CLANG_WARN_UNGUARDED_AVAILABILITY = YES_AGGRESSIVE;
				CLANG_WARN_UNREACHABLE_CODE = YES;
				CLANG_WARN__DUPLICATE_METHOD_MATCH = YES;
				COPY_PHASE_STRIP = NO;
				DEBUG_INFORMATION_FORMAT = "dwarf-with-dsym";
				ENABLE_NS_ASSERTIONS = NO;
				ENABLE_STRICT_OBJC_MSGSEND = YES;
				GCC_C_LANGUAGE_STANDARD = gnu11;
				GCC_NO_COMMON_BLOCKS = YES;
				GCC_WARN_64_TO_32_BIT_CONVERSION = YES;
				GCC_WARN_ABOUT_RETURN_TYPE = YES_ERROR;
				GCC_WARN_UNDECLARED_SELECTOR = YES;
				GCC_WARN_UNINITIALIZED_AUTOS = YES_AGGRESSIVE;
				GCC_WARN_UNUSED_FUNCTION = YES;
				GCC_WARN_UNUSED_VARIABLE = YES;
				IPHONEOS_DEPLOYMENT_TARGET = 13.4;
				MTL_ENABLE_DEBUG_INFO = NO;
				MTL_FAST_MATH = YES;
				SDKROOT = iphoneos;
				SWIFT_COMPILATION_MODE = wholemodule;
				SWIFT_OPTIMIZATION_LEVEL = "-O";
				VALIDATE_PRODUCT = YES;
			};
			name = Release;
		};
		0E6AA4142443209A004CE2CA /* Debug */ = {
			isa = XCBuildConfiguration;
			buildSettings = {
				ASSETCATALOG_COMPILER_APPICON_NAME = AppIcon;
				CODE_SIGN_STYLE = Automatic;
				DEVELOPMENT_ASSET_PATHS = "\"LongPressAnimation/Preview Content\"";
				DEVELOPMENT_TEAM = YX2GQZ4672;
				ENABLE_PREVIEWS = YES;
				INFOPLIST_FILE = LongPressAnimation/Info.plist;
				LD_RUNPATH_SEARCH_PATHS = (
					"$(inherited)",
					"@executable_path/Frameworks",
				);
				PRODUCT_BUNDLE_IDENTIFIER = raghav.LongPressAnimation;
				PRODUCT_NAME = "$(TARGET_NAME)";
				SWIFT_VERSION = 5.0;
				TARGETED_DEVICE_FAMILY = "1,2";
			};
			name = Debug;
		};
		0E6AA4152443209A004CE2CA /* Release */ = {
			isa = XCBuildConfiguration;
			buildSettings = {
				ASSETCATALOG_COMPILER_APPICON_NAME = AppIcon;
				CODE_SIGN_STYLE = Automatic;
				DEVELOPMENT_ASSET_PATHS = "\"LongPressAnimation/Preview Content\"";
				DEVELOPMENT_TEAM = YX2GQZ4672;
				ENABLE_PREVIEWS = YES;
				INFOPLIST_FILE = LongPressAnimation/Info.plist;
				LD_RUNPATH_SEARCH_PATHS = (
					"$(inherited)",
					"@executable_path/Frameworks",
				);
				PRODUCT_BUNDLE_IDENTIFIER = raghav.LongPressAnimation;
				PRODUCT_NAME = "$(TARGET_NAME)";
				SWIFT_VERSION = 5.0;
				TARGETED_DEVICE_FAMILY = "1,2";
			};
			name = Release;
		};
/* End XCBuildConfiguration section */

/* Begin XCConfigurationList section */
		0E6AA3FA24432097004CE2CA /* Build configuration list for PBXProject "LongPressAnimation" */ = {
			isa = XCConfigurationList;
			buildConfigurations = (
				0E6AA4112443209A004CE2CA /* Debug */,
				0E6AA4122443209A004CE2CA /* Release */,
			);
			defaultConfigurationIsVisible = 0;
			defaultConfigurationName = Release;
		};
		0E6AA4132443209A004CE2CA /* Build configuration list for PBXNativeTarget "LongPressAnimation" */ = {
			isa = XCConfigurationList;
			buildConfigurations = (
				0E6AA4142443209A004CE2CA /* Debug */,
				0E6AA4152443209A004CE2CA /* Release */,
			);
			defaultConfigurationIsVisible = 0;
			defaultConfigurationName = Release;
		};
/* End XCConfigurationList section */
	};
	rootObject = 0E6AA3F724432097004CE2CA /* Project object */;
}
